
Microsoft Visual Studio Solution File, Format Version 12.00
# Visual Studio Version 16
VisualStudioVersion = 16.0.31112.23
MinimumVisualStudioVersion = 10.0.40219.1
Project("{FAE04EC0-301F-11D3-BF4B-00C04F79EFBC}") = "Average_Calc", "Average_Calc\Average_Calc.csproj", "{283580F7-2077-41DA-AF62-0C389ED660A0}"
EndProject
Global
	GlobalSection(SolutionConfigurationPlatforms) = preSolution
		Debug|Any CPU = Debug|Any CPU
		Release|Any CPU = Release|Any CPU
	EndGlobalSection
	GlobalSection(ProjectConfigurationPlatforms) = postSolution
		{283580F7-2077-41DA-AF62-0C389ED660A0}.Debug|Any CPU.ActiveCfg = Debug|Any CPU
		{283580F7-2077-41DA-AF62-0C389ED660A0}.Debug|Any CPU.Build.0 = Debug|Any CPU
		{283580F7-2077-41DA-AF62-0C389ED660A0}.Release|Any CPU.ActiveCfg = Release|Any CPU
		{283580F7-2077-41DA-AF62-0C389ED660A0}.Release|Any CPU.Build.0 = Release|Any CPU
	EndGlobalSection
	GlobalSection(SolutionProperties) = preSolution
		HideSolutionNode = FALSE
	EndGlobalSection
	GlobalSection(ExtensibilityGlobals) = postSolution
		SolutionGuid = {09F4E239-821B-44E7-9757-9C44391862DA}
	EndGlobalSection
EndGlobal
